
Microsoft Visual Studio Solution File, Format Version 12.00
# Visual Studio Version 17
VisualStudioVersion = 17.0.32126.317
MinimumVisualStudioVersion = 10.0.40219.1
Project("{FAE04EC0-301F-11D3-BF4B-00C04F79EFBC}") = "VideoGamesApi", "VideoGamesApi\VideoGamesApi.csproj", "{AF1256A4-8958-4C4D-9841-F23F331E1FCE}"
EndProject
Global
	GlobalSection(SolutionConfigurationPlatforms) = preSolution
		Debug|Any CPU = Debug|Any CPU
		Release|Any CPU = Release|Any CPU
	EndGlobalSection
	GlobalSection(ProjectConfigurationPlatforms) = postSolution
		{AF1256A4-8958-4C4D-9841-F23F331E1FCE}.Debug|Any CPU.ActiveCfg = Debug|Any CPU
		{AF1256A4-8958-4C4D-9841-F23F331E1FCE}.Debug|Any CPU.Build.0 = Debug|Any CPU
		{AF1256A4-8958-4C4D-9841-F23F331E1FCE}.Release|Any CPU.ActiveCfg = Release|Any CPU
		{AF1256A4-8958-4C4D-9841-F23F331E1FCE}.Release|Any CPU.Build.0 = Release|Any CPU
	EndGlobalSection
	GlobalSection(SolutionProperties) = preSolution
		HideSolutionNode = FALSE
	EndGlobalSection
	GlobalSection(ExtensibilityGlobals) = postSolution
		SolutionGuid = {91F9BD91-49D8-48BE-BB3D-59ABE231080B}
	EndGlobalSection
EndGlobal
